
Microsoft Visual Studio Solution File, Format Version 12.00
# Visual Studio 15
VisualStudioVersion = 15.0.28010.2050
MinimumVisualStudioVersion = 10.0.40219.1
Project("{9A19103F-16F7-4668-BE54-9A1E7A4F7556}") = "Data", "Data\Data.csproj", "{B4418367-B8EB-4684-9DD0-A9809035D28F}"
EndProject
Project("{9A19103F-16F7-4668-BE54-9A1E7A4F7556}") = "Repositories", "Repositories\Repositories.csproj", "{B44AD7BC-86A2-4922-8DB3-820C246FEAA2}"
EndProject
Project("{9A19103F-16F7-4668-BE54-9A1E7A4F7556}") = "Services", "Services\Services.csproj", "{10388137-5A8E-40BF-AEAA-9BCA7ECD716E}"
EndProject
Project("{9A19103F-16F7-4668-BE54-9A1E7A4F7556}") = "UI", "UI\UI.csproj", "{8208ABCD-F9D6-41FF-BFAF-C368D9241181}"
EndProject
Global
	GlobalSection(SolutionConfigurationPlatforms) = preSolution
		Debug|Any CPU = Debug|Any CPU
		Release|Any CPU = Release|Any CPU
	EndGlobalSection
	GlobalSection(ProjectConfigurationPlatforms) = postSolution
		{B4418367-B8EB-4684-9DD0-A9809035D28F}.Debug|Any CPU.ActiveCfg = Debug|Any CPU
		{B4418367-B8EB-4684-9DD0-A9809035D28F}.Debug|Any CPU.Build.0 = Debug|Any CPU
		{B4418367-B8EB-4684-9DD0-A9809035D28F}.Release|Any CPU.ActiveCfg = Release|Any CPU
		{B4418367-B8EB-4684-9DD0-A9809035D28F}.Release|Any CPU.Build.0 = Release|Any CPU
		{B44AD7BC-86A2-4922-8DB3-820C246FEAA2}.Debug|Any CPU.ActiveCfg = Debug|Any CPU
		{B44AD7BC-86A2-4922-8DB3-820C246FEAA2}.Debug|Any CPU.Build.0 = Debug|Any CPU
		{B44AD7BC-86A2-4922-8DB3-820C246FEAA2}.Release|Any CPU.ActiveCfg = Release|Any CPU
		{B44AD7BC-86A2-4922-8DB3-820C246FEAA2}.Release|Any CPU.Build.0 = Release|Any CPU
		{10388137-5A8E-40BF-AEAA-9BCA7ECD716E}.Debug|Any CPU.ActiveCfg = Debug|Any CPU
		{10388137-5A8E-40BF-AEAA-9BCA7ECD716E}.Debug|Any CPU.Build.0 = Debug|Any CPU
		{10388137-5A8E-40BF-AEAA-9BCA7ECD716E}.Release|Any CPU.ActiveCfg = Release|Any CPU
		{10388137-5A8E-40BF-AEAA-9BCA7ECD716E}.Release|Any CPU.Build.0 = Release|Any CPU
		{8208ABCD-F9D6-41FF-BFAF-C368D9241181}.Debug|Any CPU.ActiveCfg = Debug|Any CPU
		{8208ABCD-F9D6-41FF-BFAF-C368D9241181}.Debug|Any CPU.Build.0 = Debug|Any CPU
		{8208ABCD-F9D6-41FF-BFAF-C368D9241181}.Release|Any CPU.ActiveCfg = Release|Any CPU
		{8208ABCD-F9D6-41FF-BFAF-C368D9241181}.Release|Any CPU.Build.0 = Release|Any CPU
	EndGlobalSection
	GlobalSection(SolutionProperties) = preSolution
		HideSolutionNode = FALSE
	EndGlobalSection
	GlobalSection(ExtensibilityGlobals) = postSolution
		SolutionGuid = {825B603E-71D8-4724-B0E7-7200CA035462}
	EndGlobalSection
EndGlobal
